
Microsoft Visual Studio Solution File, Format Version 12.00
# Visual Studio Version 17
VisualStudioVersion = 17.9.34701.34
MinimumVisualStudioVersion = 10.0.40219.1
Project("{2150E333-8FDC-42A3-9474-1A3956D46DE8}") = "src", "src", "{D849AA6E-63A8-4527-B31A-CF9342201925}"
EndProject
Project("{2150E333-8FDC-42A3-9474-1A3956D46DE8}") = "test", "test", "{ED9BF4F5-958C-4344-B2C7-8393AAC22306}"
EndProject
Project("{9A19103F-16F7-4668-BE54-9A1E7A4F7556}") = "AuthService.API", "src\AuthService.API\AuthService.API.csproj", "{E3D2536D-EA04-488E-9CA4-440AF1C91F34}"
EndProject
Project("{9A19103F-16F7-4668-BE54-9A1E7A4F7556}") = "AuthService.Core", "src\AuthService.Core\AuthService.Core.csproj", "{EB3CB141-5BFA-470A-8193-FF2DFE5AB283}"
EndProject
Project("{FAE04EC0-301F-11D3-BF4B-00C04F79EFBC}") = "AuthService.Infrastructure", "src\AuthService.Infrastructure\AuthService.Infrastructure.csproj", "{46B832AE-72CB-487A-82DF-189BF87B0E98}"
EndProject
Global
	GlobalSection(SolutionConfigurationPlatforms) = preSolution
		Debug|Any CPU = Debug|Any CPU
		Release|Any CPU = Release|Any CPU
	EndGlobalSection
	GlobalSection(ProjectConfigurationPlatforms) = postSolution
		{E3D2536D-EA04-488E-9CA4-440AF1C91F34}.Debug|Any CPU.ActiveCfg = Debug|Any CPU
		{E3D2536D-EA04-488E-9CA4-440AF1C91F34}.Debug|Any CPU.Build.0 = Debug|Any CPU
		{E3D2536D-EA04-488E-9CA4-440AF1C91F34}.Release|Any CPU.ActiveCfg = Release|Any CPU
		{E3D2536D-EA04-488E-9CA4-440AF1C91F34}.Release|Any CPU.Build.0 = Release|Any CPU
		{EB3CB141-5BFA-470A-8193-FF2DFE5AB283}.Debug|Any CPU.ActiveCfg = Debug|Any CPU
		{EB3CB141-5BFA-470A-8193-FF2DFE5AB283}.Debug|Any CPU.Build.0 = Debug|Any CPU
		{EB3CB141-5BFA-470A-8193-FF2DFE5AB283}.Release|Any CPU.ActiveCfg = Release|Any CPU
		{EB3CB141-5BFA-470A-8193-FF2DFE5AB283}.Release|Any CPU.Build.0 = Release|Any CPU
		{46B832AE-72CB-487A-82DF-189BF87B0E98}.Debug|Any CPU.ActiveCfg = Debug|Any CPU
		{46B832AE-72CB-487A-82DF-189BF87B0E98}.Debug|Any CPU.Build.0 = Debug|Any CPU
		{46B832AE-72CB-487A-82DF-189BF87B0E98}.Release|Any CPU.ActiveCfg = Release|Any CPU
		{46B832AE-72CB-487A-82DF-189BF87B0E98}.Release|Any CPU.Build.0 = Release|Any CPU
	EndGlobalSection
	GlobalSection(SolutionProperties) = preSolution
		HideSolutionNode = FALSE
	EndGlobalSection
	GlobalSection(NestedProjects) = preSolution
		{E3D2536D-EA04-488E-9CA4-440AF1C91F34} = {D849AA6E-63A8-4527-B31A-CF9342201925}
		{EB3CB141-5BFA-470A-8193-FF2DFE5AB283} = {D849AA6E-63A8-4527-B31A-CF9342201925}
		{46B832AE-72CB-487A-82DF-189BF87B0E98} = {D849AA6E-63A8-4527-B31A-CF9342201925}
	EndGlobalSection
	GlobalSection(ExtensibilityGlobals) = postSolution
		SolutionGuid = {12AD39C3-9662-4BE9-8D33-1C1234D69091}
	EndGlobalSection
EndGlobal
