
Microsoft Visual Studio Solution File, Format Version 12.00
# Visual Studio Version 17
VisualStudioVersion = 17.9.34701.34
MinimumVisualStudioVersion = 10.0.40219.1
Project("{2150E333-8FDC-42A3-9474-1A3956D46DE8}") = "src", "src", "{B818B312-D508-408C-AD73-5AEE03155C31}"
EndProject
Project("{2150E333-8FDC-42A3-9474-1A3956D46DE8}") = "test", "test", "{8DD18E5D-9D0F-4D7C-9397-D66B619B1E9D}"
EndProject
Project("{FAE04EC0-301F-11D3-BF4B-00C04F79EFBC}") = "IndentityService.API", "src\IndentityService.API\IndentityService.API.csproj", "{E0EED623-2E0B-4E08-A0F6-A54C30FEB934}"
EndProject
Global
	GlobalSection(SolutionConfigurationPlatforms) = preSolution
		Debug|Any CPU = Debug|Any CPU
		Release|Any CPU = Release|Any CPU
	EndGlobalSection
	GlobalSection(ProjectConfigurationPlatforms) = postSolution
		{E0EED623-2E0B-4E08-A0F6-A54C30FEB934}.Debug|Any CPU.ActiveCfg = Debug|Any CPU
		{E0EED623-2E0B-4E08-A0F6-A54C30FEB934}.Debug|Any CPU.Build.0 = Debug|Any CPU
		{E0EED623-2E0B-4E08-A0F6-A54C30FEB934}.Release|Any CPU.ActiveCfg = Release|Any CPU
		{E0EED623-2E0B-4E08-A0F6-A54C30FEB934}.Release|Any CPU.Build.0 = Release|Any CPU
	EndGlobalSection
	GlobalSection(SolutionProperties) = preSolution
		HideSolutionNode = FALSE
	EndGlobalSection
	GlobalSection(NestedProjects) = preSolution
		{E0EED623-2E0B-4E08-A0F6-A54C30FEB934} = {B818B312-D508-408C-AD73-5AEE03155C31}
	EndGlobalSection
	GlobalSection(ExtensibilityGlobals) = postSolution
		SolutionGuid = {B9EB2A4F-ED7C-4B45-A02E-23A4F452F922}
	EndGlobalSection
EndGlobal
