
Microsoft Visual Studio Solution File, Format Version 12.00
# Visual Studio Version 17
VisualStudioVersion = 17.9.34701.34
MinimumVisualStudioVersion = 10.0.40219.1
Project("{9A19103F-16F7-4668-BE54-9A1E7A4F7556}") = "TrackingService.Infrastructure", "src\TrackingService.Infrastructure\TrackingService.Infrastructure.csproj", "{631633A1-80FE-411A-84BD-D4DA9EB98390}"
EndProject
Project("{2150E333-8FDC-42A3-9474-1A3956D46DE8}") = "src", "src", "{CF5A2D93-120A-43F9-8539-9DABFCA7D369}"
EndProject
Project("{2150E333-8FDC-42A3-9474-1A3956D46DE8}") = "test", "test", "{ED00AF3F-5E4A-4C14-AA39-073BE27C21A2}"
EndProject
Project("{9A19103F-16F7-4668-BE54-9A1E7A4F7556}") = "TrackingService.Application", "src\TrackingService.Application\TrackingService.Application.csproj", "{385DB9EC-7D85-4C4A-AF39-4513C2486202}"
EndProject
Project("{9A19103F-16F7-4668-BE54-9A1E7A4F7556}") = "TrackingService.Domain", "src\TrackingService.Domain\TrackingService.Domain.csproj", "{D089DA7B-194B-429D-B17C-00D2DC5BA6A9}"
EndProject
Project("{9A19103F-16F7-4668-BE54-9A1E7A4F7556}") = "TrackingService.API", "src\TrackingService.API\TrackingService.API.csproj", "{B1814069-D7CD-4761-8429-CE375D33E32B}"
EndProject
Global
	GlobalSection(SolutionConfigurationPlatforms) = preSolution
		Debug|Any CPU = Debug|Any CPU
		Release|Any CPU = Release|Any CPU
	EndGlobalSection
	GlobalSection(ProjectConfigurationPlatforms) = postSolution
		{631633A1-80FE-411A-84BD-D4DA9EB98390}.Debug|Any CPU.ActiveCfg = Debug|Any CPU
		{631633A1-80FE-411A-84BD-D4DA9EB98390}.Debug|Any CPU.Build.0 = Debug|Any CPU
		{631633A1-80FE-411A-84BD-D4DA9EB98390}.Release|Any CPU.ActiveCfg = Release|Any CPU
		{631633A1-80FE-411A-84BD-D4DA9EB98390}.Release|Any CPU.Build.0 = Release|Any CPU
		{385DB9EC-7D85-4C4A-AF39-4513C2486202}.Debug|Any CPU.ActiveCfg = Debug|Any CPU
		{385DB9EC-7D85-4C4A-AF39-4513C2486202}.Debug|Any CPU.Build.0 = Debug|Any CPU
		{385DB9EC-7D85-4C4A-AF39-4513C2486202}.Release|Any CPU.ActiveCfg = Release|Any CPU
		{385DB9EC-7D85-4C4A-AF39-4513C2486202}.Release|Any CPU.Build.0 = Release|Any CPU
		{D089DA7B-194B-429D-B17C-00D2DC5BA6A9}.Debug|Any CPU.ActiveCfg = Debug|Any CPU
		{D089DA7B-194B-429D-B17C-00D2DC5BA6A9}.Debug|Any CPU.Build.0 = Debug|Any CPU
		{D089DA7B-194B-429D-B17C-00D2DC5BA6A9}.Release|Any CPU.ActiveCfg = Release|Any CPU
		{D089DA7B-194B-429D-B17C-00D2DC5BA6A9}.Release|Any CPU.Build.0 = Release|Any CPU
		{B1814069-D7CD-4761-8429-CE375D33E32B}.Debug|Any CPU.ActiveCfg = Debug|Any CPU
		{B1814069-D7CD-4761-8429-CE375D33E32B}.Debug|Any CPU.Build.0 = Debug|Any CPU
		{B1814069-D7CD-4761-8429-CE375D33E32B}.Release|Any CPU.ActiveCfg = Release|Any CPU
		{B1814069-D7CD-4761-8429-CE375D33E32B}.Release|Any CPU.Build.0 = Release|Any CPU
	EndGlobalSection
	GlobalSection(SolutionProperties) = preSolution
		HideSolutionNode = FALSE
	EndGlobalSection
	GlobalSection(NestedProjects) = preSolution
		{631633A1-80FE-411A-84BD-D4DA9EB98390} = {CF5A2D93-120A-43F9-8539-9DABFCA7D369}
		{385DB9EC-7D85-4C4A-AF39-4513C2486202} = {CF5A2D93-120A-43F9-8539-9DABFCA7D369}
		{D089DA7B-194B-429D-B17C-00D2DC5BA6A9} = {CF5A2D93-120A-43F9-8539-9DABFCA7D369}
		{B1814069-D7CD-4761-8429-CE375D33E32B} = {CF5A2D93-120A-43F9-8539-9DABFCA7D369}
	EndGlobalSection
	GlobalSection(ExtensibilityGlobals) = postSolution
		SolutionGuid = {D18AA7D2-D7A8-4B37-B75E-28534C3E9E76}
	EndGlobalSection
EndGlobal
