
Microsoft Visual Studio Solution File, Format Version 12.00
# Visual Studio Version 17
VisualStudioVersion = 17.9.34701.34
MinimumVisualStudioVersion = 10.0.40219.1
Project("{2150E333-8FDC-42A3-9474-1A3956D46DE8}") = "src", "src", "{7152C62F-1D7F-4FC4-A025-D1962555E17F}"
EndProject
Project("{2150E333-8FDC-42A3-9474-1A3956D46DE8}") = "test", "test", "{2C1FA6A9-BC45-4333-B23F-3CCA5A354714}"
EndProject
Project("{9A19103F-16F7-4668-BE54-9A1E7A4F7556}") = "NotificationService.API", "src\NotificationService.API\NotificationService.API.csproj", "{8E385606-B8C1-4A07-8A33-E4E0D4257BB4}"
EndProject
Project("{9A19103F-16F7-4668-BE54-9A1E7A4F7556}") = "NotificationService.Application", "src\NotificationService.Application\NotificationService.Application.csproj", "{22F7389A-6F6E-4872-B696-66D2E897CFEA}"
EndProject
Project("{9A19103F-16F7-4668-BE54-9A1E7A4F7556}") = "NotificationService.Infrastructure", "src\NotificationService.Infrastructure\NotificationService.Infrastructure.csproj", "{C887816E-D97E-4CA1-8107-2274459E5D4C}"
EndProject
Project("{9A19103F-16F7-4668-BE54-9A1E7A4F7556}") = "NotificationService.Domain", "src\NotificationService.Domain\NotificationService.Domain.csproj", "{B8198D19-52B2-43EA-BF76-D00C70A5138E}"
EndProject
Global
	GlobalSection(SolutionConfigurationPlatforms) = preSolution
		Debug|Any CPU = Debug|Any CPU
		Release|Any CPU = Release|Any CPU
	EndGlobalSection
	GlobalSection(ProjectConfigurationPlatforms) = postSolution
		{8E385606-B8C1-4A07-8A33-E4E0D4257BB4}.Debug|Any CPU.ActiveCfg = Debug|Any CPU
		{8E385606-B8C1-4A07-8A33-E4E0D4257BB4}.Debug|Any CPU.Build.0 = Debug|Any CPU
		{8E385606-B8C1-4A07-8A33-E4E0D4257BB4}.Release|Any CPU.ActiveCfg = Release|Any CPU
		{8E385606-B8C1-4A07-8A33-E4E0D4257BB4}.Release|Any CPU.Build.0 = Release|Any CPU
		{22F7389A-6F6E-4872-B696-66D2E897CFEA}.Debug|Any CPU.ActiveCfg = Debug|Any CPU
		{22F7389A-6F6E-4872-B696-66D2E897CFEA}.Debug|Any CPU.Build.0 = Debug|Any CPU
		{22F7389A-6F6E-4872-B696-66D2E897CFEA}.Release|Any CPU.ActiveCfg = Release|Any CPU
		{22F7389A-6F6E-4872-B696-66D2E897CFEA}.Release|Any CPU.Build.0 = Release|Any CPU
		{C887816E-D97E-4CA1-8107-2274459E5D4C}.Debug|Any CPU.ActiveCfg = Debug|Any CPU
		{C887816E-D97E-4CA1-8107-2274459E5D4C}.Debug|Any CPU.Build.0 = Debug|Any CPU
		{C887816E-D97E-4CA1-8107-2274459E5D4C}.Release|Any CPU.ActiveCfg = Release|Any CPU
		{C887816E-D97E-4CA1-8107-2274459E5D4C}.Release|Any CPU.Build.0 = Release|Any CPU
		{B8198D19-52B2-43EA-BF76-D00C70A5138E}.Debug|Any CPU.ActiveCfg = Debug|Any CPU
		{B8198D19-52B2-43EA-BF76-D00C70A5138E}.Debug|Any CPU.Build.0 = Debug|Any CPU
		{B8198D19-52B2-43EA-BF76-D00C70A5138E}.Release|Any CPU.ActiveCfg = Release|Any CPU
		{B8198D19-52B2-43EA-BF76-D00C70A5138E}.Release|Any CPU.Build.0 = Release|Any CPU
	EndGlobalSection
	GlobalSection(SolutionProperties) = preSolution
		HideSolutionNode = FALSE
	EndGlobalSection
	GlobalSection(NestedProjects) = preSolution
		{8E385606-B8C1-4A07-8A33-E4E0D4257BB4} = {7152C62F-1D7F-4FC4-A025-D1962555E17F}
		{22F7389A-6F6E-4872-B696-66D2E897CFEA} = {7152C62F-1D7F-4FC4-A025-D1962555E17F}
		{C887816E-D97E-4CA1-8107-2274459E5D4C} = {7152C62F-1D7F-4FC4-A025-D1962555E17F}
		{B8198D19-52B2-43EA-BF76-D00C70A5138E} = {7152C62F-1D7F-4FC4-A025-D1962555E17F}
	EndGlobalSection
	GlobalSection(ExtensibilityGlobals) = postSolution
		SolutionGuid = {85812B41-9435-4614-B6CE-A4BB9C8CAED3}
	EndGlobalSection
EndGlobal
